
Microsoft Visual Studio Solution File, Format Version 12.00
# Visual Studio Version 17
VisualStudioVersion = 17.9.34728.123
MinimumVisualStudioVersion = 10.0.40219.1
Project("{FAE04EC0-301F-11D3-BF4B-00C04F79EFBC}") = "Metrics_COCOMO", "Metrics_COCOMO.csproj", "{A684CA40-3169-4C3D-A16D-F2DCB28FBED1}"
EndProject
Global
	GlobalSection(SolutionConfigurationPlatforms) = preSolution
		Debug|Any CPU = Debug|Any CPU
		Release|Any CPU = Release|Any CPU
	EndGlobalSection
	GlobalSection(ProjectConfigurationPlatforms) = postSolution
		{A684CA40-3169-4C3D-A16D-F2DCB28FBED1}.Debug|Any CPU.ActiveCfg = Debug|Any CPU
		{A684CA40-3169-4C3D-A16D-F2DCB28FBED1}.Debug|Any CPU.Build.0 = Debug|Any CPU
		{A684CA40-3169-4C3D-A16D-F2DCB28FBED1}.Release|Any CPU.ActiveCfg = Release|Any CPU
		{A684CA40-3169-4C3D-A16D-F2DCB28FBED1}.Release|Any CPU.Build.0 = Release|Any CPU
	EndGlobalSection
	GlobalSection(SolutionProperties) = preSolution
		HideSolutionNode = FALSE
	EndGlobalSection
	GlobalSection(ExtensibilityGlobals) = postSolution
		SolutionGuid = {D4FC440C-937E-4A5A-95BC-0B2A0A068DA1}
	EndGlobalSection
EndGlobal
